// !$*UTF8*$!
{
	archiveVersion = 1;
	classes = {
	};
	objectVersion = 55;
	objects = {

/* Begin PBXBuildFile section */
		CA20F45127BD96CE009A0C81 /* SimpleHttpServer_UNIX.cpp in Sources */ = {isa = PBXBuildFile; fileRef = CA20F45027BD96CE009A0C81 /* SimpleHttpServer_UNIX.cpp */; };
		CA32B9E927A7106C00EDBADB /* libcrypto.3.dylib in Frameworks */ = {isa = PBXBuildFile; fileRef = CA32B9E727A7106C00EDBADB /* libcrypto.3.dylib */; };
		CA32B9EA27A7106C00EDBADB /* libssl.3.dylib in Frameworks */ = {isa = PBXBuildFile; fileRef = CA32B9E827A7106C00EDBADB /* libssl.3.dylib */; };
		CA49530D27B052F4004773C4 /* status.cpp in Sources */ = {isa = PBXBuildFile; fileRef = CA49530C27B052F4004773C4 /* status.cpp */; };
		CACE7FE727B1810E00704A67 /* libiodbc.2.1.18.tbd in Frameworks */ = {isa = PBXBuildFile; fileRef = CACE7FE627B1810E00704A67 /* libiodbc.2.1.18.tbd */; };
/* End PBXBuildFile section */

/* Begin PBXCopyFilesBuildPhase section */
		CA32B9DB27A70FBE00EDBADB /* CopyFiles */ = {
			isa = PBXCopyFilesBuildPhase;
			buildActionMask = 2147483647;
			dstPath = /usr/share/man/man1/;
			dstSubfolderSpec = 0;
			files = (
			);
			runOnlyForDeploymentPostprocessing = 1;
		};
/* End PBXCopyFilesBuildPhase section */

/* Begin PBXFileReference section */
		CA20F45027BD96CE009A0C81 /* SimpleHttpServer_UNIX.cpp */ = {isa = PBXFileReference; fileEncoding = 4; lastKnownFileType = sourcecode.cpp.cpp; path = SimpleHttpServer_UNIX.cpp; sourceTree = "<group>"; };
		CA32B9DD27A70FBE00EDBADB /* SimpleHttpServer */ = {isa = PBXFileReference; explicitFileType = "compiled.mach-o.executable"; includeInIndex = 0; path = SimpleHttpServer; sourceTree = BUILT_PRODUCTS_DIR; };
		CA32B9E727A7106C00EDBADB /* libcrypto.3.dylib */ = {isa = PBXFileReference; lastKnownFileType = "compiled.mach-o.dylib"; path = libcrypto.3.dylib; sourceTree = "<group>"; };
		CA32B9E827A7106C00EDBADB /* libssl.3.dylib */ = {isa = PBXFileReference; lastKnownFileType = "compiled.mach-o.dylib"; path = libssl.3.dylib; sourceTree = "<group>"; };
		CA49530B27B0529C004773C4 /* status.h */ = {isa = PBXFileReference; lastKnownFileType = sourcecode.c.h; path = status.h; sourceTree = "<group>"; };
		CA49530C27B052F4004773C4 /* status.cpp */ = {isa = PBXFileReference; lastKnownFileType = sourcecode.cpp.cpp; path = status.cpp; sourceTree = "<group>"; };
		CACE7FE627B1810E00704A67 /* libiodbc.2.1.18.tbd */ = {isa = PBXFileReference; lastKnownFileType = "sourcecode.text-based-dylib-definition"; name = libiodbc.2.1.18.tbd; path = usr/lib/libiodbc.2.1.18.tbd; sourceTree = SDKROOT; };
/* End PBXFileReference section */

/* Begin PBXFrameworksBuildPhase section */
		CA32B9DA27A70FBE00EDBADB /* Frameworks */ = {
			isa = PBXFrameworksBuildPhase;
			buildActionMask = 2147483647;
			files = (
				CACE7FE727B1810E00704A67 /* libiodbc.2.1.18.tbd in Frameworks */,
				CA32B9EA27A7106C00EDBADB /* libssl.3.dylib in Frameworks */,
				CA32B9E927A7106C00EDBADB /* libcrypto.3.dylib in Frameworks */,
			);
			runOnlyForDeploymentPostprocessing = 0;
		};
/* End PBXFrameworksBuildPhase section */

/* Begin PBXGroup section */
		CA32B9D427A70FBD00EDBADB = {
			isa = PBXGroup;
			children = (
				CA32B9DF27A70FBE00EDBADB /* SimpleHttpServer */,
				CA32B9DE27A70FBE00EDBADB /* Products */,
				CACE7FE527B1810E00704A67 /* Frameworks */,
			);
			sourceTree = "<group>";
		};
		CA32B9DE27A70FBE00EDBADB /* Products */ = {
			isa = PBXGroup;
			children = (
				CA32B9DD27A70FBE00EDBADB /* SimpleHttpServer */,
			);
			name = Products;
			sourceTree = "<group>";
		};
		CA32B9DF27A70FBE00EDBADB /* SimpleHttpServer */ = {
			isa = PBXGroup;
			children = (
				CA20F45027BD96CE009A0C81 /* SimpleHttpServer_UNIX.cpp */,
				CA49530B27B0529C004773C4 /* status.h */,
				CA49530C27B052F4004773C4 /* status.cpp */,
				CA32B9E727A7106C00EDBADB /* libcrypto.3.dylib */,
				CA32B9E827A7106C00EDBADB /* libssl.3.dylib */,
			);
			path = SimpleHttpServer;
			sourceTree = "<group>";
		};
		CACE7FE527B1810E00704A67 /* Frameworks */ = {
			isa = PBXGroup;
			children = (
				CACE7FE627B1810E00704A67 /* libiodbc.2.1.18.tbd */,
			);
			name = Frameworks;
			sourceTree = "<group>";
		};
/* End PBXGroup section */

/* Begin PBXNativeTarget section */
		CA32B9DC27A70FBE00EDBADB /* SimpleHttpServer */ = {
			isa = PBXNativeTarget;
			buildConfigurationList = CA32B9E427A70FBE00EDBADB /* Build configuration list for PBXNativeTarget "SimpleHttpServer" */;
			buildPhases = (
				CA32B9D927A70FBE00EDBADB /* Sources */,
				CA32B9DA27A70FBE00EDBADB /* Frameworks */,
				CA32B9DB27A70FBE00EDBADB /* CopyFiles */,
			);
			buildRules = (
			);
			dependencies = (
			);
			name = SimpleHttpServer;
			productName = SimpleHttpServer;
			productReference = CA32B9DD27A70FBE00EDBADB /* SimpleHttpServer */;
			productType = "com.apple.product-type.tool";
		};
/* End PBXNativeTarget section */

/* Begin PBXProject section */
		CA32B9D527A70FBD00EDBADB /* Project object */ = {
			isa = PBXProject;
			attributes = {
				BuildIndependentTargetsInParallel = 1;
				LastUpgradeCheck = 1320;
				TargetAttributes = {
					CA32B9DC27A70FBE00EDBADB = {
						CreatedOnToolsVersion = 13.2.1;
					};
				};
			};
			buildConfigurationList = CA32B9D827A70FBD00EDBADB /* Build configuration list for PBXProject "SimpleHttpServer" */;
			compatibilityVersion = "Xcode 13.0";
			developmentRegion = en;
			hasScannedForEncodings = 0;
			knownRegions = (
				en,
				Base,
			);
			mainGroup = CA32B9D427A70FBD00EDBADB;
			productRefGroup = CA32B9DE27A70FBE00EDBADB /* Products */;
			projectDirPath = "";
			projectRoot = "";
			targets = (
				CA32B9DC27A70FBE00EDBADB /* SimpleHttpServer */,
			);
		};
/* End PBXProject section */

/* Begin PBXSourcesBuildPhase section */
		CA32B9D927A70FBE00EDBADB /* Sources */ = {
			isa = PBXSourcesBuildPhase;
			buildActionMask = 2147483647;
			files = (
				CA20F45127BD96CE009A0C81 /* SimpleHttpServer_UNIX.cpp in Sources */,
				CA49530D27B052F4004773C4 /* status.cpp in Sources */,
			);
			runOnlyForDeploymentPostprocessing = 0;
		};
/* End PBXSourcesBuildPhase section */

/* Begin XCBuildConfiguration section */
		CA32B9E227A70FBE00EDBADB /* Debug */ = {
			isa = XCBuildConfiguration;
			buildSettings = {
				ALWAYS_SEARCH_USER_PATHS = NO;
				CLANG_ANALYZER_NONNULL = YES;
				CLANG_ANALYZER_NUMBER_OBJECT_CONVERSION = YES_AGGRESSIVE;
				CLANG_CXX_LANGUAGE_STANDARD = "gnu++17";
				CLANG_CXX_LIBRARY = "libc++";
				CLANG_ENABLE_MODULES = YES;
				CLANG_ENABLE_OBJC_ARC = YES;
				CLANG_ENABLE_OBJC_WEAK = YES;
				CLANG_WARN_BLOCK_CAPTURE_AUTORELEASING = YES;
				CLANG_WARN_BOOL_CONVERSION = YES;
				CLANG_WARN_COMMA = YES;
				CLANG_WARN_CONSTANT_CONVERSION = YES;
				CLANG_WARN_DEPRECATED_OBJC_IMPLEMENTATIONS = YES;
				CLANG_WARN_DIRECT_OBJC_ISA_USAGE = YES_ERROR;
				CLANG_WARN_DOCUMENTATION_COMMENTS = YES;
				CLANG_WARN_EMPTY_BODY = YES;
				CLANG_WARN_ENUM_CONVERSION = YES;
				CLANG_WARN_INFINITE_RECURSION = YES;
				CLANG_WARN_INT_CONVERSION = YES;
				CLANG_WARN_NON_LITERAL_NULL_CONVERSION = YES;
				CLANG_WARN_OBJC_IMPLICIT_RETAIN_SELF = YES;
				CLANG_WARN_OBJC_LITERAL_CONVERSION = YES;
				CLANG_WARN_OBJC_ROOT_CLASS = YES_ERROR;
				CLANG_WARN_QUOTED_INCLUDE_IN_FRAMEWORK_HEADER = YES;
				CLANG_WARN_RANGE_LOOP_ANALYSIS = YES;
				CLANG_WARN_STRICT_PROTOTYPES = YES;
				CLANG_WARN_SUSPICIOUS_MOVE = YES;
				CLANG_WARN_UNGUARDED_AVAILABILITY = YES_AGGRESSIVE;
				CLANG_WARN_UNREACHABLE_CODE = YES;
				CLANG_WARN__DUPLICATE_METHOD_MATCH = YES;
				COPY_PHASE_STRIP = NO;
				DEBUG_INFORMATION_FORMAT = dwarf;
				ENABLE_STRICT_OBJC_MSGSEND = YES;
				ENABLE_TESTABILITY = YES;
				GCC_C_LANGUAGE_STANDARD = gnu11;
				GCC_DYNAMIC_NO_PIC = NO;
				GCC_NO_COMMON_BLOCKS = YES;
				GCC_OPTIMIZATION_LEVEL = 0;
				GCC_PREPROCESSOR_DEFINITIONS = (
					"DEBUG=1",
					"$(inherited)",
				);
				GCC_WARN_64_TO_32_BIT_CONVERSION = YES;
				GCC_WARN_ABOUT_RETURN_TYPE = YES_ERROR;
				GCC_WARN_UNDECLARED_SELECTOR = YES;
				GCC_WARN_UNINITIALIZED_AUTOS = YES_AGGRESSIVE;
				GCC_WARN_UNUSED_FUNCTION = YES;
				GCC_WARN_UNUSED_VARIABLE = YES;
				MACOSX_DEPLOYMENT_TARGET = 12.1;
				MTL_ENABLE_DEBUG_INFO = INCLUDE_SOURCE;
				MTL_FAST_MATH = YES;
				ONLY_ACTIVE_ARCH = YES;
				SDKROOT = macosx;
			};
			name = Debug;
		};
		CA32B9E327A70FBE00EDBADB /* Release */ = {
			isa = XCBuildConfiguration;
			buildSettings = {
				ALWAYS_SEARCH_USER_PATHS = NO;
				CLANG_ANALYZER_NONNULL = YES;
				CLANG_ANALYZER_NUMBER_OBJECT_CONVERSION = YES_AGGRESSIVE;
				CLANG_CXX_LANGUAGE_STANDARD = "gnu++17";
				CLANG_CXX_LIBRARY = "libc++";
				CLANG_ENABLE_MODULES = YES;
				CLANG_ENABLE_OBJC_ARC = YES;
				CLANG_ENABLE_OBJC_WEAK = YES;
				CLANG_WARN_BLOCK_CAPTURE_AUTORELEASING = YES;
				CLANG_WARN_BOOL_CONVERSION = YES;
				CLANG_WARN_COMMA = YES;
				CLANG_WARN_CONSTANT_CONVERSION = YES;
				CLANG_WARN_DEPRECATED_OBJC_IMPLEMENTATIONS = YES;
				CLANG_WARN_DIRECT_OBJC_ISA_USAGE = YES_ERROR;
				CLANG_WARN_DOCUMENTATION_COMMENTS = YES;
				CLANG_WARN_EMPTY_BODY = YES;
				CLANG_WARN_ENUM_CONVERSION = YES;
				CLANG_WARN_INFINITE_RECURSION = YES;
				CLANG_WARN_INT_CONVERSION = YES;
				CLANG_WARN_NON_LITERAL_NULL_CONVERSION = YES;
				CLANG_WARN_OBJC_IMPLICIT_RETAIN_SELF = YES;
				CLANG_WARN_OBJC_LITERAL_CONVERSION = YES;
				CLANG_WARN_OBJC_ROOT_CLASS = YES_ERROR;
				CLANG_WARN_QUOTED_INCLUDE_IN_FRAMEWORK_HEADER = YES;
				CLANG_WARN_RANGE_LOOP_ANALYSIS = YES;
				CLANG_WARN_STRICT_PROTOTYPES = YES;
				CLANG_WARN_SUSPICIOUS_MOVE = YES;
				CLANG_WARN_UNGUARDED_AVAILABILITY = YES_AGGRESSIVE;
				CLANG_WARN_UNREACHABLE_CODE = YES;
				CLANG_WARN__DUPLICATE_METHOD_MATCH = YES;
				COPY_PHASE_STRIP = NO;
				DEBUG_INFORMATION_FORMAT = "dwarf-with-dsym";
				ENABLE_NS_ASSERTIONS = NO;
				ENABLE_STRICT_OBJC_MSGSEND = YES;
				GCC_C_LANGUAGE_STANDARD = gnu11;
				GCC_NO_COMMON_BLOCKS = YES;
				GCC_WARN_64_TO_32_BIT_CONVERSION = YES;
				GCC_WARN_ABOUT_RETURN_TYPE = YES_ERROR;
				GCC_WARN_UNDECLARED_SELECTOR = YES;
				GCC_WARN_UNINITIALIZED_AUTOS = YES_AGGRESSIVE;
				GCC_WARN_UNUSED_FUNCTION = YES;
				GCC_WARN_UNUSED_VARIABLE = YES;
				MACOSX_DEPLOYMENT_TARGET = 12.1;
				MTL_ENABLE_DEBUG_INFO = NO;
				MTL_FAST_MATH = YES;
				SDKROOT = macosx;
			};
			name = Release;
		};
		CA32B9E527A70FBE00EDBADB /* Debug */ = {
			isa = XCBuildConfiguration;
			buildSettings = {
				CODE_SIGN_STYLE = Automatic;
				HEADER_SEARCH_PATHS = /Users/enderman/Desktop/include;
				LIBRARY_SEARCH_PATHS = (
					"$(inherited)",
					"$(PROJECT_DIR)/SimpleHttpServer",
				);
				PRODUCT_NAME = "$(TARGET_NAME)";
			};
			name = Debug;
		};
		CA32B9E627A70FBE00EDBADB /* Release */ = {
			isa = XCBuildConfiguration;
			buildSettings = {
				CODE_SIGN_STYLE = Automatic;
				HEADER_SEARCH_PATHS = /Users/enderman/Desktop/include;
				LIBRARY_SEARCH_PATHS = (
					"$(inherited)",
					"$(PROJECT_DIR)/SimpleHttpServer",
				);
				PRODUCT_NAME = "$(TARGET_NAME)";
			};
			name = Release;
		};
/* End XCBuildConfiguration section */

/* Begin XCConfigurationList section */
		CA32B9D827A70FBD00EDBADB /* Build configuration list for PBXProject "SimpleHttpServer" */ = {
			isa = XCConfigurationList;
			buildConfigurations = (
				CA32B9E227A70FBE00EDBADB /* Debug */,
				CA32B9E327A70FBE00EDBADB /* Release */,
			);
			defaultConfigurationIsVisible = 0;
			defaultConfigurationName = Release;
		};
		CA32B9E427A70FBE00EDBADB /* Build configuration list for PBXNativeTarget "SimpleHttpServer" */ = {
			isa = XCConfigurationList;
			buildConfigurations = (
				CA32B9E527A70FBE00EDBADB /* Debug */,
				CA32B9E627A70FBE00EDBADB /* Release */,
			);
			defaultConfigurationIsVisible = 0;
			defaultConfigurationName = Release;
		};
/* End XCConfigurationList section */
	};
	rootObject = CA32B9D527A70FBD00EDBADB /* Project object */;
}
